<Solution>
  <Project Path="Almacenamiento de ID/Almacenamiento de ID.csproj" Id="35b1bc81-71af-495a-a3f5-13cf526a414b" />
  <Project Path="Calificacion_de_estudiante/Calificacion_de_estudiante.csproj" Id="0e231593-7ab0-4ff1-b464-55896489e049" />
  <Project Path="producto_por_nombre/producto_por_nombre.csproj" Id="8299715c-5e23-4289-83d7-51de4cb7c876" />
</Solution>
